
Microsoft Visual Studio Solution File, Format Version 12.00
# Visual Studio Version 16
VisualStudioVersion = 16.0.30204.135
MinimumVisualStudioVersion = 10.0.40219.1
Project("{FAE04EC0-301F-11D3-BF4B-00C04F79EFBC}") = "Aggregator", "Aggregator\Aggregator.csproj", "{5A526EA1-A2E3-4CE8-86B4-BE0CE5A83521}"
EndProject
Project("{FAE04EC0-301F-11D3-BF4B-00C04F79EFBC}") = "RobotSemantics", "RobotSemantics\RobotSemantics.csproj", "{81079587-919C-45E2-88DF-E4ECC4367FEC}"
EndProject
Project("{FAE04EC0-301F-11D3-BF4B-00C04F79EFBC}") = "RobotExecution", "RobotExecution\RobotExecution.csproj", "{FF1D383A-FEDC-4C40-84B3-5268BD6A8736}"
EndProject
Project("{FAE04EC0-301F-11D3-BF4B-00C04F79EFBC}") = "SemanticsLib", "SemanticsLib\SemanticsLib.csproj", "{1BD85CAD-B08B-4159-8258-A22DC0589CED}"
EndProject
Project("{FAE04EC0-301F-11D3-BF4B-00C04F79EFBC}") = "ExecutionLib", "ExecutionLib\ExecutionLib.csproj", "{B193B4CA-C6AB-429E-845E-72013119C9E1}"
EndProject
Global
	GlobalSection(SolutionConfigurationPlatforms) = preSolution
		Debug|Any CPU = Debug|Any CPU
		Release|Any CPU = Release|Any CPU
	EndGlobalSection
	GlobalSection(ProjectConfigurationPlatforms) = postSolution
		{5A526EA1-A2E3-4CE8-86B4-BE0CE5A83521}.Debug|Any CPU.ActiveCfg = Debug|Any CPU
		{5A526EA1-A2E3-4CE8-86B4-BE0CE5A83521}.Debug|Any CPU.Build.0 = Debug|Any CPU
		{5A526EA1-A2E3-4CE8-86B4-BE0CE5A83521}.Release|Any CPU.ActiveCfg = Release|Any CPU
		{5A526EA1-A2E3-4CE8-86B4-BE0CE5A83521}.Release|Any CPU.Build.0 = Release|Any CPU
		{81079587-919C-45E2-88DF-E4ECC4367FEC}.Debug|Any CPU.ActiveCfg = Debug|Any CPU
		{81079587-919C-45E2-88DF-E4ECC4367FEC}.Debug|Any CPU.Build.0 = Debug|Any CPU
		{81079587-919C-45E2-88DF-E4ECC4367FEC}.Release|Any CPU.ActiveCfg = Release|Any CPU
		{81079587-919C-45E2-88DF-E4ECC4367FEC}.Release|Any CPU.Build.0 = Release|Any CPU
		{FF1D383A-FEDC-4C40-84B3-5268BD6A8736}.Debug|Any CPU.ActiveCfg = Debug|Any CPU
		{FF1D383A-FEDC-4C40-84B3-5268BD6A8736}.Debug|Any CPU.Build.0 = Debug|Any CPU
		{FF1D383A-FEDC-4C40-84B3-5268BD6A8736}.Release|Any CPU.ActiveCfg = Release|Any CPU
		{FF1D383A-FEDC-4C40-84B3-5268BD6A8736}.Release|Any CPU.Build.0 = Release|Any CPU
		{1BD85CAD-B08B-4159-8258-A22DC0589CED}.Debug|Any CPU.ActiveCfg = Debug|Any CPU
		{1BD85CAD-B08B-4159-8258-A22DC0589CED}.Debug|Any CPU.Build.0 = Debug|Any CPU
		{1BD85CAD-B08B-4159-8258-A22DC0589CED}.Release|Any CPU.ActiveCfg = Release|Any CPU
		{1BD85CAD-B08B-4159-8258-A22DC0589CED}.Release|Any CPU.Build.0 = Release|Any CPU
		{B193B4CA-C6AB-429E-845E-72013119C9E1}.Debug|Any CPU.ActiveCfg = Debug|Any CPU
		{B193B4CA-C6AB-429E-845E-72013119C9E1}.Debug|Any CPU.Build.0 = Debug|Any CPU
		{B193B4CA-C6AB-429E-845E-72013119C9E1}.Release|Any CPU.ActiveCfg = Release|Any CPU
		{B193B4CA-C6AB-429E-845E-72013119C9E1}.Release|Any CPU.Build.0 = Release|Any CPU
	EndGlobalSection
	GlobalSection(SolutionProperties) = preSolution
		HideSolutionNode = FALSE
	EndGlobalSection
	GlobalSection(ExtensibilityGlobals) = postSolution
		SolutionGuid = {7FCCFEA9-F4F0-4DD3-AB08-DD7A74DDEC8D}
	EndGlobalSection
EndGlobal
